// !$*UTF8*$!
{
	archiveVersion = 1;
	classes = {
	};
	objectVersion = 56;
	objects = {

/* Begin PBXBuildFile section */
		3A99654A290ED0D700F1E4AB /* AppDelegate.swift in Sources */ = {isa = PBXBuildFile; fileRef = 3A996549290ED0D700F1E4AB /* AppDelegate.swift */; };
		3A99654C290ED0D700F1E4AB /* SceneDelegate.swift in Sources */ = {isa = PBXBuildFile; fileRef = 3A99654B290ED0D700F1E4AB /* SceneDelegate.swift */; };
		3A99654E290ED0D700F1E4AB /* ViewController.swift in Sources */ = {isa = PBXBuildFile; fileRef = 3A99654D290ED0D700F1E4AB /* ViewController.swift */; };
		3A996551290ED0D700F1E4AB /* Main.storyboard in Resources */ = {isa = PBXBuildFile; fileRef = 3A99654F290ED0D700F1E4AB /* Main.storyboard */; };
		3A996553290ED0D700F1E4AB /* Assets.xcassets in Resources */ = {isa = PBXBuildFile; fileRef = 3A996552290ED0D700F1E4AB /* Assets.xcassets */; };
		3A996556290ED0D700F1E4AB /* LaunchScreen.storyboard in Resources */ = {isa = PBXBuildFile; fileRef = 3A996554290ED0D700F1E4AB /* LaunchScreen.storyboard */; };
		3A996565290ED3BC00F1E4AB /* A.wav in Resources */ = {isa = PBXBuildFile; fileRef = 3A99655E290ED3BC00F1E4AB /* A.wav */; };
		3A996566290ED3BC00F1E4AB /* C.wav in Resources */ = {isa = PBXBuildFile; fileRef = 3A99655F290ED3BC00F1E4AB /* C.wav */; };
		3A996567290ED3BC00F1E4AB /* B.wav in Resources */ = {isa = PBXBuildFile; fileRef = 3A996560290ED3BC00F1E4AB /* B.wav */; };
		3A996568290ED3BC00F1E4AB /* F.wav in Resources */ = {isa = PBXBuildFile; fileRef = 3A996561290ED3BC00F1E4AB /* F.wav */; };
		3A996569290ED3BC00F1E4AB /* G.wav in Resources */ = {isa = PBXBuildFile; fileRef = 3A996562290ED3BC00F1E4AB /* G.wav */; };
		3A99656A290ED3BC00F1E4AB /* E.wav in Resources */ = {isa = PBXBuildFile; fileRef = 3A996563290ED3BC00F1E4AB /* E.wav */; };
		3A99656B290ED3BC00F1E4AB /* D.wav in Resources */ = {isa = PBXBuildFile; fileRef = 3A996564290ED3BC00F1E4AB /* D.wav */; };
/* End PBXBuildFile section */

/* Begin PBXFileReference section */
		3A996546290ED0D700F1E4AB /* Xylophone.app */ = {isa = PBXFileReference; explicitFileType = wrapper.application; includeInIndex = 0; path = Xylophone.app; sourceTree = BUILT_PRODUCTS_DIR; };
		3A996549290ED0D700F1E4AB /* AppDelegate.swift */ = {isa = PBXFileReference; lastKnownFileType = sourcecode.swift; path = AppDelegate.swift; sourceTree = "<group>"; };
		3A99654B290ED0D700F1E4AB /* SceneDelegate.swift */ = {isa = PBXFileReference; lastKnownFileType = sourcecode.swift; path = SceneDelegate.swift; sourceTree = "<group>"; };
		3A99654D290ED0D700F1E4AB /* ViewController.swift */ = {isa = PBXFileReference; lastKnownFileType = sourcecode.swift; path = ViewController.swift; sourceTree = "<group>"; };
		3A996550290ED0D700F1E4AB /* Base */ = {isa = PBXFileReference; lastKnownFileType = file.storyboard; name = Base; path = Base.lproj/Main.storyboard; sourceTree = "<group>"; };
		3A996552290ED0D700F1E4AB /* Assets.xcassets */ = {isa = PBXFileReference; lastKnownFileType = folder.assetcatalog; path = Assets.xcassets; sourceTree = "<group>"; };
		3A996555290ED0D700F1E4AB /* Base */ = {isa = PBXFileReference; lastKnownFileType = file.storyboard; name = Base; path = Base.lproj/LaunchScreen.storyboard; sourceTree = "<group>"; };
		3A996557290ED0D700F1E4AB /* Info.plist */ = {isa = PBXFileReference; lastKnownFileType = text.plist.xml; path = Info.plist; sourceTree = "<group>"; };
		3A99655E290ED3BC00F1E4AB /* A.wav */ = {isa = PBXFileReference; lastKnownFileType = audio.wav; path = A.wav; sourceTree = "<group>"; };
		3A99655F290ED3BC00F1E4AB /* C.wav */ = {isa = PBXFileReference; lastKnownFileType = audio.wav; path = C.wav; sourceTree = "<group>"; };
		3A996560290ED3BC00F1E4AB /* B.wav */ = {isa = PBXFileReference; lastKnownFileType = audio.wav; path = B.wav; sourceTree = "<group>"; };
		3A996561290ED3BC00F1E4AB /* F.wav */ = {isa = PBXFileReference; lastKnownFileType = audio.wav; path = F.wav; sourceTree = "<group>"; };
		3A996562290ED3BC00F1E4AB /* G.wav */ = {isa = PBXFileReference; lastKnownFileType = audio.wav; path = G.wav; sourceTree = "<group>"; };
		3A996563290ED3BC00F1E4AB /* E.wav */ = {isa = PBXFileReference; lastKnownFileType = audio.wav; path = E.wav; sourceTree = "<group>"; };
		3A996564290ED3BC00F1E4AB /* D.wav */ = {isa = PBXFileReference; lastKnownFileType = audio.wav; path = D.wav; sourceTree = "<group>"; };
/* End PBXFileReference section */

/* Begin PBXFrameworksBuildPhase section */
		3A996543290ED0D700F1E4AB /* Frameworks */ = {
			isa = PBXFrameworksBuildPhase;
			buildActionMask = 2147483647;
			files = (
			);
			runOnlyForDeploymentPostprocessing = 0;
		};
/* End PBXFrameworksBuildPhase section */

/* Begin PBXGroup section */
		3A99653D290ED0D600F1E4AB = {
			isa = PBXGroup;
			children = (
				3A996548290ED0D700F1E4AB /* Xylophone */,
				3A996547290ED0D700F1E4AB /* Products */,
			);
			sourceTree = "<group>";
		};
		3A996547290ED0D700F1E4AB /* Products */ = {
			isa = PBXGroup;
			children = (
				3A996546290ED0D700F1E4AB /* Xylophone.app */,
			);
			name = Products;
			sourceTree = "<group>";
		};
		3A996548290ED0D700F1E4AB /* Xylophone */ = {
			isa = PBXGroup;
			children = (
				3A996549290ED0D700F1E4AB /* AppDelegate.swift */,
				3A99654B290ED0D700F1E4AB /* SceneDelegate.swift */,
				3A99654D290ED0D700F1E4AB /* ViewController.swift */,
				3A99654F290ED0D700F1E4AB /* Main.storyboard */,
				3A996552290ED0D700F1E4AB /* Assets.xcassets */,
				3A996554290ED0D700F1E4AB /* LaunchScreen.storyboard */,
				3A996557290ED0D700F1E4AB /* Info.plist */,
				3A99655D290ED3BC00F1E4AB /* Sounds */,
			);
			path = Xylophone;
			sourceTree = "<group>";
		};
		3A99655D290ED3BC00F1E4AB /* Sounds */ = {
			isa = PBXGroup;
			children = (
				3A99655E290ED3BC00F1E4AB /* A.wav */,
				3A99655F290ED3BC00F1E4AB /* C.wav */,
				3A996560290ED3BC00F1E4AB /* B.wav */,
				3A996561290ED3BC00F1E4AB /* F.wav */,
				3A996562290ED3BC00F1E4AB /* G.wav */,
				3A996563290ED3BC00F1E4AB /* E.wav */,
				3A996564290ED3BC00F1E4AB /* D.wav */,
			);
			path = Sounds;
			sourceTree = "<group>";
		};
/* End PBXGroup section */

/* Begin PBXNativeTarget section */
		3A996545290ED0D700F1E4AB /* Xylophone */ = {
			isa = PBXNativeTarget;
			buildConfigurationList = 3A99655A290ED0D700F1E4AB /* Build configuration list for PBXNativeTarget "Xylophone" */;
			buildPhases = (
				3A996542290ED0D700F1E4AB /* Sources */,
				3A996543290ED0D700F1E4AB /* Frameworks */,
				3A996544290ED0D700F1E4AB /* Resources */,
			);
			buildRules = (
			);
			dependencies = (
			);
			name = Xylophone;
			productName = Xylophone;
			productReference = 3A996546290ED0D700F1E4AB /* Xylophone.app */;
			productType = "com.apple.product-type.application";
		};
/* End PBXNativeTarget section */

/* Begin PBXProject section */
		3A99653E290ED0D600F1E4AB /* Project object */ = {
			isa = PBXProject;
			attributes = {
				BuildIndependentTargetsInParallel = 1;
				LastSwiftUpdateCheck = 1400;
				LastUpgradeCheck = 1400;
				TargetAttributes = {
					3A996545290ED0D700F1E4AB = {
						CreatedOnToolsVersion = 14.0.1;
					};
				};
			};
			buildConfigurationList = 3A996541290ED0D600F1E4AB /* Build configuration list for PBXProject "Xylophone" */;
			compatibilityVersion = "Xcode 14.0";
			developmentRegion = en;
			hasScannedForEncodings = 0;
			knownRegions = (
				en,
				Base,
			);
			mainGroup = 3A99653D290ED0D600F1E4AB;
			productRefGroup = 3A996547290ED0D700F1E4AB /* Products */;
			projectDirPath = "";
			projectRoot = "";
			targets = (
				3A996545290ED0D700F1E4AB /* Xylophone */,
			);
		};
/* End PBXProject section */

/* Begin PBXResourcesBuildPhase section */
		3A996544290ED0D700F1E4AB /* Resources */ = {
			isa = PBXResourcesBuildPhase;
			buildActionMask = 2147483647;
			files = (
				3A996569290ED3BC00F1E4AB /* G.wav in Resources */,
				3A996556290ED0D700F1E4AB /* LaunchScreen.storyboard in Resources */,
				3A996568290ED3BC00F1E4AB /* F.wav in Resources */,
				3A996553290ED0D700F1E4AB /* Assets.xcassets in Resources */,
				3A996565290ED3BC00F1E4AB /* A.wav in Resources */,
				3A996567290ED3BC00F1E4AB /* B.wav in Resources */,
				3A99656A290ED3BC00F1E4AB /* E.wav in Resources */,
				3A99656B290ED3BC00F1E4AB /* D.wav in Resources */,
				3A996551290ED0D700F1E4AB /* Main.storyboard in Resources */,
				3A996566290ED3BC00F1E4AB /* C.wav in Resources */,
			);
			runOnlyForDeploymentPostprocessing = 0;
		};
/* End PBXResourcesBuildPhase section */

/* Begin PBXSourcesBuildPhase section */
		3A996542290ED0D700F1E4AB /* Sources */ = {
			isa = PBXSourcesBuildPhase;
			buildActionMask = 2147483647;
			files = (
				3A99654E290ED0D700F1E4AB /* ViewController.swift in Sources */,
				3A99654A290ED0D700F1E4AB /* AppDelegate.swift in Sources */,
				3A99654C290ED0D700F1E4AB /* SceneDelegate.swift in Sources */,
			);
			runOnlyForDeploymentPostprocessing = 0;
		};
/* End PBXSourcesBuildPhase section */

/* Begin PBXVariantGroup section */
		3A99654F290ED0D700F1E4AB /* Main.storyboard */ = {
			isa = PBXVariantGroup;
			children = (
				3A996550290ED0D700F1E4AB /* Base */,
			);
			name = Main.storyboard;
			sourceTree = "<group>";
		};
		3A996554290ED0D700F1E4AB /* LaunchScreen.storyboard */ = {
			isa = PBXVariantGroup;
			children = (
				3A996555290ED0D700F1E4AB /* Base */,
			);
			name = LaunchScreen.storyboard;
			sourceTree = "<group>";
		};
/* End PBXVariantGroup section */

/* Begin XCBuildConfiguration section */
		3A996558290ED0D700F1E4AB /* Debug */ = {
			isa = XCBuildConfiguration;
			buildSettings = {
				ALWAYS_SEARCH_USER_PATHS = NO;
				CLANG_ANALYZER_NONNULL = YES;
				CLANG_ANALYZER_NUMBER_OBJECT_CONVERSION = YES_AGGRESSIVE;
				CLANG_CXX_LANGUAGE_STANDARD = "gnu++20";
				CLANG_ENABLE_MODULES = YES;
				CLANG_ENABLE_OBJC_ARC = YES;
				CLANG_ENABLE_OBJC_WEAK = YES;
				CLANG_WARN_BLOCK_CAPTURE_AUTORELEASING = YES;
				CLANG_WARN_BOOL_CONVERSION = YES;
				CLANG_WARN_COMMA = YES;
				CLANG_WARN_CONSTANT_CONVERSION = YES;
				CLANG_WARN_DEPRECATED_OBJC_IMPLEMENTATIONS = YES;
				CLANG_WARN_DIRECT_OBJC_ISA_USAGE = YES_ERROR;
				CLANG_WARN_DOCUMENTATION_COMMENTS = YES;
				CLANG_WARN_EMPTY_BODY = YES;
				CLANG_WARN_ENUM_CONVERSION = YES;
				CLANG_WARN_INFINITE_RECURSION = YES;
				CLANG_WARN_INT_CONVERSION = YES;
				CLANG_WARN_NON_LITERAL_NULL_CONVERSION = YES;
				CLANG_WARN_OBJC_IMPLICIT_RETAIN_SELF = YES;
				CLANG_WARN_OBJC_LITERAL_CONVERSION = YES;
				CLANG_WARN_OBJC_ROOT_CLASS = YES_ERROR;
				CLANG_WARN_QUOTED_INCLUDE_IN_FRAMEWORK_HEADER = YES;
				CLANG_WARN_RANGE_LOOP_ANALYSIS = YES;
				CLANG_WARN_STRICT_PROTOTYPES = YES;
				CLANG_WARN_SUSPICIOUS_MOVE = YES;
				CLANG_WARN_UNGUARDED_AVAILABILITY = YES_AGGRESSIVE;
				CLANG_WARN_UNREACHABLE_CODE = YES;
				CLANG_WARN__DUPLICATE_METHOD_MATCH = YES;
				COPY_PHASE_STRIP = NO;
				DEBUG_INFORMATION_FORMAT = dwarf;
				ENABLE_STRICT_OBJC_MSGSEND = YES;
				ENABLE_TESTABILITY = YES;
				GCC_C_LANGUAGE_STANDARD = gnu11;
				GCC_DYNAMIC_NO_PIC = NO;
				GCC_NO_COMMON_BLOCKS = YES;
				GCC_OPTIMIZATION_LEVEL = 0;
				GCC_PREPROCESSOR_DEFINITIONS = (
					"DEBUG=1",
					"$(inherited)",
				);
				GCC_WARN_64_TO_32_BIT_CONVERSION = YES;
				GCC_WARN_ABOUT_RETURN_TYPE = YES_ERROR;
				GCC_WARN_UNDECLARED_SELECTOR = YES;
				GCC_WARN_UNINITIALIZED_AUTOS = YES_AGGRESSIVE;
				GCC_WARN_UNUSED_FUNCTION = YES;
				GCC_WARN_UNUSED_VARIABLE = YES;
				IPHONEOS_DEPLOYMENT_TARGET = 16.0;
				MTL_ENABLE_DEBUG_INFO = INCLUDE_SOURCE;
				MTL_FAST_MATH = YES;
				ONLY_ACTIVE_ARCH = YES;
				SDKROOT = iphoneos;
				SWIFT_ACTIVE_COMPILATION_CONDITIONS = DEBUG;
				SWIFT_OPTIMIZATION_LEVEL = "-Onone";
			};
			name = Debug;
		};
		3A996559290ED0D700F1E4AB /* Release */ = {
			isa = XCBuildConfiguration;
			buildSettings = {
				ALWAYS_SEARCH_USER_PATHS = NO;
				CLANG_ANALYZER_NONNULL = YES;
				CLANG_ANALYZER_NUMBER_OBJECT_CONVERSION = YES_AGGRESSIVE;
				CLANG_CXX_LANGUAGE_STANDARD = "gnu++20";
				CLANG_ENABLE_MODULES = YES;
				CLANG_ENABLE_OBJC_ARC = YES;
				CLANG_ENABLE_OBJC_WEAK = YES;
				CLANG_WARN_BLOCK_CAPTURE_AUTORELEASING = YES;
				CLANG_WARN_BOOL_CONVERSION = YES;
				CLANG_WARN_COMMA = YES;
				CLANG_WARN_CONSTANT_CONVERSION = YES;
				CLANG_WARN_DEPRECATED_OBJC_IMPLEMENTATIONS = YES;
				CLANG_WARN_DIRECT_OBJC_ISA_USAGE = YES_ERROR;
				CLANG_WARN_DOCUMENTATION_COMMENTS = YES;
				CLANG_WARN_EMPTY_BODY = YES;
				CLANG_WARN_ENUM_CONVERSION = YES;
				CLANG_WARN_INFINITE_RECURSION = YES;
				CLANG_WARN_INT_CONVERSION = YES;
				CLANG_WARN_NON_LITERAL_NULL_CONVERSION = YES;
				CLANG_WARN_OBJC_IMPLICIT_RETAIN_SELF = YES;
				CLANG_WARN_OBJC_LITERAL_CONVERSION = YES;
				CLANG_WARN_OBJC_ROOT_CLASS = YES_ERROR;
				CLANG_WARN_QUOTED_INCLUDE_IN_FRAMEWORK_HEADER = YES;
				CLANG_WARN_RANGE_LOOP_ANALYSIS = YES;
				CLANG_WARN_STRICT_PROTOTYPES = YES;
				CLANG_WARN_SUSPICIOUS_MOVE = YES;
				CLANG_WARN_UNGUARDED_AVAILABILITY = YES_AGGRESSIVE;
				CLANG_WARN_UNREACHABLE_CODE = YES;
				CLANG_WARN__DUPLICATE_METHOD_MATCH = YES;
				COPY_PHASE_STRIP = NO;
				DEBUG_INFORMATION_FORMAT = "dwarf-with-dsym";
				ENABLE_NS_ASSERTIONS = NO;
				ENABLE_STRICT_OBJC_MSGSEND = YES;
				GCC_C_LANGUAGE_STANDARD = gnu11;
				GCC_NO_COMMON_BLOCKS = YES;
				GCC_WARN_64_TO_32_BIT_CONVERSION = YES;
				GCC_WARN_ABOUT_RETURN_TYPE = YES_ERROR;
				GCC_WARN_UNDECLARED_SELECTOR = YES;
				GCC_WARN_UNINITIALIZED_AUTOS = YES_AGGRESSIVE;
				GCC_WARN_UNUSED_FUNCTION = YES;
				GCC_WARN_UNUSED_VARIABLE = YES;
				IPHONEOS_DEPLOYMENT_TARGET = 16.0;
				MTL_ENABLE_DEBUG_INFO = NO;
				MTL_FAST_MATH = YES;
				SDKROOT = iphoneos;
				SWIFT_COMPILATION_MODE = wholemodule;
				SWIFT_OPTIMIZATION_LEVEL = "-O";
				VALIDATE_PRODUCT = YES;
			};
			name = Release;
		};
		3A99655B290ED0D700F1E4AB /* Debug */ = {
			isa = XCBuildConfiguration;
			buildSettings = {
				ASSETCATALOG_COMPILER_APPICON_NAME = AppIcon;
				ASSETCATALOG_COMPILER_GLOBAL_ACCENT_COLOR_NAME = AccentColor;
				CODE_SIGN_STYLE = Automatic;
				CURRENT_PROJECT_VERSION = 1;
				GENERATE_INFOPLIST_FILE = YES;
				INFOPLIST_FILE = Xylophone/Info.plist;
				INFOPLIST_KEY_UIApplicationSupportsIndirectInputEvents = YES;
				INFOPLIST_KEY_UILaunchStoryboardName = LaunchScreen;
				INFOPLIST_KEY_UIMainStoryboardFile = Main;
				INFOPLIST_KEY_UISupportedInterfaceOrientations_iPad = "UIInterfaceOrientationPortrait UIInterfaceOrientationPortraitUpsideDown UIInterfaceOrientationLandscapeLeft UIInterfaceOrientationLandscapeRight";
				INFOPLIST_KEY_UISupportedInterfaceOrientations_iPhone = "UIInterfaceOrientationPortrait UIInterfaceOrientationLandscapeLeft UIInterfaceOrientationLandscapeRight";
				LD_RUNPATH_SEARCH_PATHS = (
					"$(inherited)",
					"@executable_path/Frameworks",
				);
				MARKETING_VERSION = 1.0;
				PRODUCT_BUNDLE_IDENTIFIER = marlmyn.Xylophone;
				PRODUCT_NAME = "$(TARGET_NAME)";
				SWIFT_EMIT_LOC_STRINGS = YES;
				SWIFT_VERSION = 5.0;
				TARGETED_DEVICE_FAMILY = "1,2";
			};
			name = Debug;
		};
		3A99655C290ED0D700F1E4AB /* Release */ = {
			isa = XCBuildConfiguration;
			buildSettings = {
				ASSETCATALOG_COMPILER_APPICON_NAME = AppIcon;
				ASSETCATALOG_COMPILER_GLOBAL_ACCENT_COLOR_NAME = AccentColor;
				CODE_SIGN_STYLE = Automatic;
				CURRENT_PROJECT_VERSION = 1;
				GENERATE_INFOPLIST_FILE = YES;
				INFOPLIST_FILE = Xylophone/Info.plist;
				INFOPLIST_KEY_UIApplicationSupportsIndirectInputEvents = YES;
				INFOPLIST_KEY_UILaunchStoryboardName = LaunchScreen;
				INFOPLIST_KEY_UIMainStoryboardFile = Main;
				INFOPLIST_KEY_UISupportedInterfaceOrientations_iPad = "UIInterfaceOrientationPortrait UIInterfaceOrientationPortraitUpsideDown UIInterfaceOrientationLandscapeLeft UIInterfaceOrientationLandscapeRight";
				INFOPLIST_KEY_UISupportedInterfaceOrientations_iPhone = "UIInterfaceOrientationPortrait UIInterfaceOrientationLandscapeLeft UIInterfaceOrientationLandscapeRight";
				LD_RUNPATH_SEARCH_PATHS = (
					"$(inherited)",
					"@executable_path/Frameworks",
				);
				MARKETING_VERSION = 1.0;
				PRODUCT_BUNDLE_IDENTIFIER = marlmyn.Xylophone;
				PRODUCT_NAME = "$(TARGET_NAME)";
				SWIFT_EMIT_LOC_STRINGS = YES;
				SWIFT_VERSION = 5.0;
				TARGETED_DEVICE_FAMILY = "1,2";
			};
			name = Release;
		};
/* End XCBuildConfiguration section */

/* Begin XCConfigurationList section */
		3A996541290ED0D600F1E4AB /* Build configuration list for PBXProject "Xylophone" */ = {
			isa = XCConfigurationList;
			buildConfigurations = (
				3A996558290ED0D700F1E4AB /* Debug */,
				3A996559290ED0D700F1E4AB /* Release */,
			);
			defaultConfigurationIsVisible = 0;
			defaultConfigurationName = Release;
		};
		3A99655A290ED0D700F1E4AB /* Build configuration list for PBXNativeTarget "Xylophone" */ = {
			isa = XCConfigurationList;
			buildConfigurations = (
				3A99655B290ED0D700F1E4AB /* Debug */,
				3A99655C290ED0D700F1E4AB /* Release */,
			);
			defaultConfigurationIsVisible = 0;
			defaultConfigurationName = Release;
		};
/* End XCConfigurationList section */
	};
	rootObject = 3A99653E290ED0D600F1E4AB /* Project object */;
}
